// !$*UTF8*$!
{
	archiveVersion = 1;
	classes = {
	};
	objectVersion = 56;
	objects = {

/* Begin PBXBuildFile section */
		0641A6A3081EAE76AC08AECE /* Pods_Joke_Generator_Extension.framework in Frameworks */ = {isa = PBXBuildFile; fileRef = F09BD5DE9FD9F6F83B9C62A0 /* Pods_Joke_Generator_Extension.framework */; };
		838AF2BDD839E1131743D5EE /* Pods_Joke_Generator_Extension_MessagesExtension.framework in Frameworks */ = {isa = PBXBuildFile; fileRef = 8F827E7E08710E5C971DE0C3 /* Pods_Joke_Generator_Extension_MessagesExtension.framework */; };
		E10D9B192A38D606003D526C /* Assets.xcassets in Resources */ = {isa = PBXBuildFile; fileRef = E10D9B182A38D606003D526C /* Assets.xcassets */; };
		E10D9B1F2A38D606003D526C /* Joke Generator Extension MessagesExtension.appex in Embed Foundation Extensions */ = {isa = PBXBuildFile; fileRef = E10D9B1E2A38D606003D526C /* Joke Generator Extension MessagesExtension.appex */; settings = {ATTRIBUTES = (RemoveHeadersOnCopy, ); }; };
		E10D9B242A38D606003D526C /* Messages.framework in Frameworks */ = {isa = PBXBuildFile; fileRef = E10D9B232A38D606003D526C /* Messages.framework */; };
		E10D9B272A38D606003D526C /* MessagesViewController.swift in Sources */ = {isa = PBXBuildFile; fileRef = E10D9B262A38D606003D526C /* MessagesViewController.swift */; };
		E10D9B2A2A38D606003D526C /* MainInterface.storyboard in Resources */ = {isa = PBXBuildFile; fileRef = E10D9B282A38D606003D526C /* MainInterface.storyboard */; };
		E10D9B2C2A38D607003D526C /* Assets.xcassets in Resources */ = {isa = PBXBuildFile; fileRef = E10D9B2B2A38D607003D526C /* Assets.xcassets */; };
/* End PBXBuildFile section */

/* Begin PBXContainerItemProxy section */
		E10D9B202A38D606003D526C /* PBXContainerItemProxy */ = {
			isa = PBXContainerItemProxy;
			containerPortal = E10D9B0F2A38D604003D526C /* Project object */;
			proxyType = 1;
			remoteGlobalIDString = E10D9B1D2A38D606003D526C;
			remoteInfo = "Joke Generator Extension MessagesExtension";
		};
/* End PBXContainerItemProxy section */

/* Begin PBXCopyFilesBuildPhase section */
		E10D9B332A38D607003D526C /* Embed Foundation Extensions */ = {
			isa = PBXCopyFilesBuildPhase;
			buildActionMask = 2147483647;
			dstPath = "";
			dstSubfolderSpec = 13;
			files = (
				E10D9B1F2A38D606003D526C /* Joke Generator Extension MessagesExtension.appex in Embed Foundation Extensions */,
			);
			name = "Embed Foundation Extensions";
			runOnlyForDeploymentPostprocessing = 0;
		};
/* End PBXCopyFilesBuildPhase section */

/* Begin PBXFileReference section */
		0E25FB6FCF0B236D7ED0649E /* Pods-Joke Generator Extension MessagesExtension.debug.xcconfig */ = {isa = PBXFileReference; includeInIndex = 1; lastKnownFileType = text.xcconfig; name = "Pods-Joke Generator Extension MessagesExtension.debug.xcconfig"; path = "Target Support Files/Pods-Joke Generator Extension MessagesExtension/Pods-Joke Generator Extension MessagesExtension.debug.xcconfig"; sourceTree = "<group>"; };
		16C82FDBDD2A6C96C8A16EA9 /* Pods-Joke Generator Extension.debug.xcconfig */ = {isa = PBXFileReference; includeInIndex = 1; lastKnownFileType = text.xcconfig; name = "Pods-Joke Generator Extension.debug.xcconfig"; path = "Target Support Files/Pods-Joke Generator Extension/Pods-Joke Generator Extension.debug.xcconfig"; sourceTree = "<group>"; };
		2CCF3DC037AFE981E771A707 /* Pods-Joke Generator Extension MessagesExtension.release.xcconfig */ = {isa = PBXFileReference; includeInIndex = 1; lastKnownFileType = text.xcconfig; name = "Pods-Joke Generator Extension MessagesExtension.release.xcconfig"; path = "Target Support Files/Pods-Joke Generator Extension MessagesExtension/Pods-Joke Generator Extension MessagesExtension.release.xcconfig"; sourceTree = "<group>"; };
		8F827E7E08710E5C971DE0C3 /* Pods_Joke_Generator_Extension_MessagesExtension.framework */ = {isa = PBXFileReference; explicitFileType = wrapper.framework; includeInIndex = 0; path = Pods_Joke_Generator_Extension_MessagesExtension.framework; sourceTree = BUILT_PRODUCTS_DIR; };
		E10D9B152A38D604003D526C /* Joke Generator Extension.app */ = {isa = PBXFileReference; explicitFileType = wrapper.application; includeInIndex = 0; path = "Joke Generator Extension.app"; sourceTree = BUILT_PRODUCTS_DIR; };
		E10D9B182A38D606003D526C /* Assets.xcassets */ = {isa = PBXFileReference; lastKnownFileType = folder.assetcatalog; path = Assets.xcassets; sourceTree = "<group>"; };
		E10D9B1E2A38D606003D526C /* Joke Generator Extension MessagesExtension.appex */ = {isa = PBXFileReference; explicitFileType = "wrapper.app-extension"; includeInIndex = 0; path = "Joke Generator Extension MessagesExtension.appex"; sourceTree = BUILT_PRODUCTS_DIR; };
		E10D9B232A38D606003D526C /* Messages.framework */ = {isa = PBXFileReference; lastKnownFileType = wrapper.framework; name = Messages.framework; path = System/Library/Frameworks/Messages.framework; sourceTree = SDKROOT; };
		E10D9B262A38D606003D526C /* MessagesViewController.swift */ = {isa = PBXFileReference; lastKnownFileType = sourcecode.swift; path = MessagesViewController.swift; sourceTree = "<group>"; };
		E10D9B292A38D606003D526C /* Base */ = {isa = PBXFileReference; lastKnownFileType = file.storyboard; name = Base; path = Base.lproj/MainInterface.storyboard; sourceTree = "<group>"; };
		E10D9B2B2A38D607003D526C /* Assets.xcassets */ = {isa = PBXFileReference; lastKnownFileType = folder.assetcatalog; path = Assets.xcassets; sourceTree = "<group>"; };
		E10D9B2D2A38D607003D526C /* Info.plist */ = {isa = PBXFileReference; lastKnownFileType = text.plist.xml; path = Info.plist; sourceTree = "<group>"; };
		F09BD5DE9FD9F6F83B9C62A0 /* Pods_Joke_Generator_Extension.framework */ = {isa = PBXFileReference; explicitFileType = wrapper.framework; includeInIndex = 0; path = Pods_Joke_Generator_Extension.framework; sourceTree = BUILT_PRODUCTS_DIR; };
		F659A6D5A2C0F1FA562C6AD2 /* Pods-Joke Generator Extension.release.xcconfig */ = {isa = PBXFileReference; includeInIndex = 1; lastKnownFileType = text.xcconfig; name = "Pods-Joke Generator Extension.release.xcconfig"; path = "Target Support Files/Pods-Joke Generator Extension/Pods-Joke Generator Extension.release.xcconfig"; sourceTree = "<group>"; };
/* End PBXFileReference section */

/* Begin PBXFrameworksBuildPhase section */
		730DAF387ABAF7EED9FCB62F /* Frameworks */ = {
			isa = PBXFrameworksBuildPhase;
			buildActionMask = 2147483647;
			files = (
				0641A6A3081EAE76AC08AECE /* Pods_Joke_Generator_Extension.framework in Frameworks */,
			);
			runOnlyForDeploymentPostprocessing = 0;
		};
		E10D9B1B2A38D606003D526C /* Frameworks */ = {
			isa = PBXFrameworksBuildPhase;
			buildActionMask = 2147483647;
			files = (
				E10D9B242A38D606003D526C /* Messages.framework in Frameworks */,
				838AF2BDD839E1131743D5EE /* Pods_Joke_Generator_Extension_MessagesExtension.framework in Frameworks */,
			);
			runOnlyForDeploymentPostprocessing = 0;
		};
/* End PBXFrameworksBuildPhase section */

/* Begin PBXGroup section */
		62040CB49746339B128516B0 /* Pods */ = {
			isa = PBXGroup;
			children = (
				16C82FDBDD2A6C96C8A16EA9 /* Pods-Joke Generator Extension.debug.xcconfig */,
				F659A6D5A2C0F1FA562C6AD2 /* Pods-Joke Generator Extension.release.xcconfig */,
				0E25FB6FCF0B236D7ED0649E /* Pods-Joke Generator Extension MessagesExtension.debug.xcconfig */,
				2CCF3DC037AFE981E771A707 /* Pods-Joke Generator Extension MessagesExtension.release.xcconfig */,
			);
			path = Pods;
			sourceTree = "<group>";
		};
		E10D9B0E2A38D604003D526C = {
			isa = PBXGroup;
			children = (
				E10D9B172A38D604003D526C /* Joke Generator Extension */,
				E10D9B252A38D606003D526C /* Joke Generator Extension MessagesExtension */,
				E10D9B222A38D606003D526C /* Frameworks */,
				E10D9B162A38D604003D526C /* Products */,
				62040CB49746339B128516B0 /* Pods */,
			);
			sourceTree = "<group>";
		};
		E10D9B162A38D604003D526C /* Products */ = {
			isa = PBXGroup;
			children = (
				E10D9B152A38D604003D526C /* Joke Generator Extension.app */,
				E10D9B1E2A38D606003D526C /* Joke Generator Extension MessagesExtension.appex */,
			);
			name = Products;
			sourceTree = "<group>";
		};
		E10D9B172A38D604003D526C /* Joke Generator Extension */ = {
			isa = PBXGroup;
			children = (
				E10D9B182A38D606003D526C /* Assets.xcassets */,
			);
			path = "Joke Generator Extension";
			sourceTree = "<group>";
		};
		E10D9B222A38D606003D526C /* Frameworks */ = {
			isa = PBXGroup;
			children = (
				E10D9B232A38D606003D526C /* Messages.framework */,
				F09BD5DE9FD9F6F83B9C62A0 /* Pods_Joke_Generator_Extension.framework */,
				8F827E7E08710E5C971DE0C3 /* Pods_Joke_Generator_Extension_MessagesExtension.framework */,
			);
			name = Frameworks;
			sourceTree = "<group>";
		};
		E10D9B252A38D606003D526C /* Joke Generator Extension MessagesExtension */ = {
			isa = PBXGroup;
			children = (
				E10D9B262A38D606003D526C /* MessagesViewController.swift */,
				E10D9B282A38D606003D526C /* MainInterface.storyboard */,
				E10D9B2B2A38D607003D526C /* Assets.xcassets */,
				E10D9B2D2A38D607003D526C /* Info.plist */,
			);
			path = "Joke Generator Extension MessagesExtension";
			sourceTree = "<group>";
		};
/* End PBXGroup section */

/* Begin PBXNativeTarget section */
		E10D9B142A38D604003D526C /* Joke Generator Extension */ = {
			isa = PBXNativeTarget;
			buildConfigurationList = E10D9B342A38D607003D526C /* Build configuration list for PBXNativeTarget "Joke Generator Extension" */;
			buildPhases = (
				9008B34F19EB6AD582F8A30B /* [CP] Check Pods Manifest.lock */,
				E10D9B132A38D604003D526C /* Resources */,
				E10D9B332A38D607003D526C /* Embed Foundation Extensions */,
				730DAF387ABAF7EED9FCB62F /* Frameworks */,
				DBB1623DC80E7AB4E4C752E3 /* [CP] Embed Pods Frameworks */,
			);
			buildRules = (
			);
			dependencies = (
				E10D9B212A38D606003D526C /* PBXTargetDependency */,
			);
			name = "Joke Generator Extension";
			productName = "Joke Generator Extension";
			productReference = E10D9B152A38D604003D526C /* Joke Generator Extension.app */;
			productType = "com.apple.product-type.application.messages";
		};
		E10D9B1D2A38D606003D526C /* Joke Generator Extension MessagesExtension */ = {
			isa = PBXNativeTarget;
			buildConfigurationList = E10D9B302A38D607003D526C /* Build configuration list for PBXNativeTarget "Joke Generator Extension MessagesExtension" */;
			buildPhases = (
				90B4CD525CFD5F87AB82EDDE /* [CP] Check Pods Manifest.lock */,
				E10D9B1A2A38D606003D526C /* Sources */,
				E10D9B1B2A38D606003D526C /* Frameworks */,
				E10D9B1C2A38D606003D526C /* Resources */,
			);
			buildRules = (
			);
			dependencies = (
			);
			name = "Joke Generator Extension MessagesExtension";
			productName = "Joke Generator Extension MessagesExtension";
			productReference = E10D9B1E2A38D606003D526C /* Joke Generator Extension MessagesExtension.appex */;
			productType = "com.apple.product-type.app-extension.messages";
		};
/* End PBXNativeTarget section */

/* Begin PBXProject section */
		E10D9B0F2A38D604003D526C /* Project object */ = {
			isa = PBXProject;
			attributes = {
				BuildIndependentTargetsInParallel = 1;
				LastSwiftUpdateCheck = 1430;
				LastUpgradeCheck = 1430;
				TargetAttributes = {
					E10D9B142A38D604003D526C = {
						CreatedOnToolsVersion = 14.3;
					};
					E10D9B1D2A38D606003D526C = {
						CreatedOnToolsVersion = 14.3;
					};
				};
			};
			buildConfigurationList = E10D9B122A38D604003D526C /* Build configuration list for PBXProject "Joke Generator Extension" */;
			compatibilityVersion = "Xcode 14.0";
			developmentRegion = en;
			hasScannedForEncodings = 0;
			knownRegions = (
				en,
				Base,
			);
			mainGroup = E10D9B0E2A38D604003D526C;
			productRefGroup = E10D9B162A38D604003D526C /* Products */;
			projectDirPath = "";
			projectRoot = "";
			targets = (
				E10D9B142A38D604003D526C /* Joke Generator Extension */,
				E10D9B1D2A38D606003D526C /* Joke Generator Extension MessagesExtension */,
			);
		};
/* End PBXProject section */

/* Begin PBXResourcesBuildPhase section */
		E10D9B132A38D604003D526C /* Resources */ = {
			isa = PBXResourcesBuildPhase;
			buildActionMask = 2147483647;
			files = (
				E10D9B192A38D606003D526C /* Assets.xcassets in Resources */,
			);
			runOnlyForDeploymentPostprocessing = 0;
		};
		E10D9B1C2A38D606003D526C /* Resources */ = {
			isa = PBXResourcesBuildPhase;
			buildActionMask = 2147483647;
			files = (
				E10D9B2C2A38D607003D526C /* Assets.xcassets in Resources */,
				E10D9B2A2A38D606003D526C /* MainInterface.storyboard in Resources */,
			);
			runOnlyForDeploymentPostprocessing = 0;
		};
/* End PBXResourcesBuildPhase section */

/* Begin PBXShellScriptBuildPhase section */
		9008B34F19EB6AD582F8A30B /* [CP] Check Pods Manifest.lock */ = {
			isa = PBXShellScriptBuildPhase;
			buildActionMask = 2147483647;
			files = (
			);
			inputFileListPaths = (
			);
			inputPaths = (
				"${PODS_PODFILE_DIR_PATH}/Podfile.lock",
				"${PODS_ROOT}/Manifest.lock",
			);
			name = "[CP] Check Pods Manifest.lock";
			outputFileListPaths = (
			);
			outputPaths = (
				"$(DERIVED_FILE_DIR)/Pods-Joke Generator Extension-checkManifestLockResult.txt",
			);
			runOnlyForDeploymentPostprocessing = 0;
			shellPath = /bin/sh;
			shellScript = "diff \"${PODS_PODFILE_DIR_PATH}/Podfile.lock\" \"${PODS_ROOT}/Manifest.lock\" > /dev/null\nif [ $? != 0 ] ; then\n    # print error to STDERR\n    echo \"error: The sandbox is not in sync with the Podfile.lock. Run 'pod install' or update your CocoaPods installation.\" >&2\n    exit 1\nfi\n# This output is used by Xcode 'outputs' to avoid re-running this script phase.\necho \"SUCCESS\" > \"${SCRIPT_OUTPUT_FILE_0}\"\n";
			showEnvVarsInLog = 0;
		};
		90B4CD525CFD5F87AB82EDDE /* [CP] Check Pods Manifest.lock */ = {
			isa = PBXShellScriptBuildPhase;
			buildActionMask = 2147483647;
			files = (
			);
			inputFileListPaths = (
			);
			inputPaths = (
				"${PODS_PODFILE_DIR_PATH}/Podfile.lock",
				"${PODS_ROOT}/Manifest.lock",
			);
			name = "[CP] Check Pods Manifest.lock";
			outputFileListPaths = (
			);
			outputPaths = (
				"$(DERIVED_FILE_DIR)/Pods-Joke Generator Extension MessagesExtension-checkManifestLockResult.txt",
			);
			runOnlyForDeploymentPostprocessing = 0;
			shellPath = /bin/sh;
			shellScript = "diff \"${PODS_PODFILE_DIR_PATH}/Podfile.lock\" \"${PODS_ROOT}/Manifest.lock\" > /dev/null\nif [ $? != 0 ] ; then\n    # print error to STDERR\n    echo \"error: The sandbox is not in sync with the Podfile.lock. Run 'pod install' or update your CocoaPods installation.\" >&2\n    exit 1\nfi\n# This output is used by Xcode 'outputs' to avoid re-running this script phase.\necho \"SUCCESS\" > \"${SCRIPT_OUTPUT_FILE_0}\"\n";
			showEnvVarsInLog = 0;
		};
		DBB1623DC80E7AB4E4C752E3 /* [CP] Embed Pods Frameworks */ = {
			isa = PBXShellScriptBuildPhase;
			buildActionMask = 2147483647;
			files = (
			);
			inputFileListPaths = (
				"${PODS_ROOT}/Target Support Files/Pods-Joke Generator Extension/Pods-Joke Generator Extension-frameworks-${CONFIGURATION}-input-files.xcfilelist",
			);
			name = "[CP] Embed Pods Frameworks";
			outputFileListPaths = (
				"${PODS_ROOT}/Target Support Files/Pods-Joke Generator Extension/Pods-Joke Generator Extension-frameworks-${CONFIGURATION}-output-files.xcfilelist",
			);
			runOnlyForDeploymentPostprocessing = 0;
			shellPath = /bin/sh;
			shellScript = "\"${PODS_ROOT}/Target Support Files/Pods-Joke Generator Extension/Pods-Joke Generator Extension-frameworks.sh\"\n";
			showEnvVarsInLog = 0;
		};
/* End PBXShellScriptBuildPhase section */

/* Begin PBXSourcesBuildPhase section */
		E10D9B1A2A38D606003D526C /* Sources */ = {
			isa = PBXSourcesBuildPhase;
			buildActionMask = 2147483647;
			files = (
				E10D9B272A38D606003D526C /* MessagesViewController.swift in Sources */,
			);
			runOnlyForDeploymentPostprocessing = 0;
		};
/* End PBXSourcesBuildPhase section */

/* Begin PBXTargetDependency section */
		E10D9B212A38D606003D526C /* PBXTargetDependency */ = {
			isa = PBXTargetDependency;
			target = E10D9B1D2A38D606003D526C /* Joke Generator Extension MessagesExtension */;
			targetProxy = E10D9B202A38D606003D526C /* PBXContainerItemProxy */;
		};
/* End PBXTargetDependency section */

/* Begin PBXVariantGroup section */
		E10D9B282A38D606003D526C /* MainInterface.storyboard */ = {
			isa = PBXVariantGroup;
			children = (
				E10D9B292A38D606003D526C /* Base */,
			);
			name = MainInterface.storyboard;
			sourceTree = "<group>";
		};
/* End PBXVariantGroup section */

/* Begin XCBuildConfiguration section */
		E10D9B2E2A38D607003D526C /* Debug */ = {
			isa = XCBuildConfiguration;
			buildSettings = {
				ALWAYS_SEARCH_USER_PATHS = NO;
				CLANG_ANALYZER_NONNULL = YES;
				CLANG_ANALYZER_NUMBER_OBJECT_CONVERSION = YES_AGGRESSIVE;
				CLANG_CXX_LANGUAGE_STANDARD = "gnu++20";
				CLANG_ENABLE_MODULES = YES;
				CLANG_ENABLE_OBJC_ARC = YES;
				CLANG_ENABLE_OBJC_WEAK = YES;
				CLANG_WARN_BLOCK_CAPTURE_AUTORELEASING = YES;
				CLANG_WARN_BOOL_CONVERSION = YES;
				CLANG_WARN_COMMA = YES;
				CLANG_WARN_CONSTANT_CONVERSION = YES;
				CLANG_WARN_DEPRECATED_OBJC_IMPLEMENTATIONS = YES;
				CLANG_WARN_DIRECT_OBJC_ISA_USAGE = YES_ERROR;
				CLANG_WARN_DOCUMENTATION_COMMENTS = YES;
				CLANG_WARN_EMPTY_BODY = YES;
				CLANG_WARN_ENUM_CONVERSION = YES;
				CLANG_WARN_INFINITE_RECURSION = YES;
				CLANG_WARN_INT_CONVERSION = YES;
				CLANG_WARN_NON_LITERAL_NULL_CONVERSION = YES;
				CLANG_WARN_OBJC_IMPLICIT_RETAIN_SELF = YES;
				CLANG_WARN_OBJC_LITERAL_CONVERSION = YES;
				CLANG_WARN_OBJC_ROOT_CLASS = YES_ERROR;
				CLANG_WARN_QUOTED_INCLUDE_IN_FRAMEWORK_HEADER = YES;
				CLANG_WARN_RANGE_LOOP_ANALYSIS = YES;
				CLANG_WARN_STRICT_PROTOTYPES = YES;
				CLANG_WARN_SUSPICIOUS_MOVE = YES;
				CLANG_WARN_UNGUARDED_AVAILABILITY = YES_AGGRESSIVE;
				CLANG_WARN_UNREACHABLE_CODE = YES;
				CLANG_WARN__DUPLICATE_METHOD_MATCH = YES;
				COPY_PHASE_STRIP = NO;
				DEBUG_INFORMATION_FORMAT = dwarf;
				ENABLE_STRICT_OBJC_MSGSEND = YES;
				ENABLE_TESTABILITY = YES;
				GCC_C_LANGUAGE_STANDARD = gnu11;
				GCC_DYNAMIC_NO_PIC = NO;
				GCC_NO_COMMON_BLOCKS = YES;
				GCC_OPTIMIZATION_LEVEL = 0;
				GCC_PREPROCESSOR_DEFINITIONS = (
					"DEBUG=1",
					"$(inherited)",
				);
				GCC_WARN_64_TO_32_BIT_CONVERSION = YES;
				GCC_WARN_ABOUT_RETURN_TYPE = YES_ERROR;
				GCC_WARN_UNDECLARED_SELECTOR = YES;
				GCC_WARN_UNINITIALIZED_AUTOS = YES_AGGRESSIVE;
				GCC_WARN_UNUSED_FUNCTION = YES;
				GCC_WARN_UNUSED_VARIABLE = YES;
				IPHONEOS_DEPLOYMENT_TARGET = 16.4;
				MTL_ENABLE_DEBUG_INFO = INCLUDE_SOURCE;
				MTL_FAST_MATH = YES;
				ONLY_ACTIVE_ARCH = YES;
				SDKROOT = iphoneos;
				SWIFT_ACTIVE_COMPILATION_CONDITIONS = DEBUG;
				SWIFT_OPTIMIZATION_LEVEL = "-Onone";
			};
			name = Debug;
		};
		E10D9B2F2A38D607003D526C /* Release */ = {
			isa = XCBuildConfiguration;
			buildSettings = {
				ALWAYS_SEARCH_USER_PATHS = NO;
				CLANG_ANALYZER_NONNULL = YES;
				CLANG_ANALYZER_NUMBER_OBJECT_CONVERSION = YES_AGGRESSIVE;
				CLANG_CXX_LANGUAGE_STANDARD = "gnu++20";
				CLANG_ENABLE_MODULES = YES;
				CLANG_ENABLE_OBJC_ARC = YES;
				CLANG_ENABLE_OBJC_WEAK = YES;
				CLANG_WARN_BLOCK_CAPTURE_AUTORELEASING = YES;
				CLANG_WARN_BOOL_CONVERSION = YES;
				CLANG_WARN_COMMA = YES;
				CLANG_WARN_CONSTANT_CONVERSION = YES;
				CLANG_WARN_DEPRECATED_OBJC_IMPLEMENTATIONS = YES;
				CLANG_WARN_DIRECT_OBJC_ISA_USAGE = YES_ERROR;
				CLANG_WARN_DOCUMENTATION_COMMENTS = YES;
				CLANG_WARN_EMPTY_BODY = YES;
				CLANG_WARN_ENUM_CONVERSION = YES;
				CLANG_WARN_INFINITE_RECURSION = YES;
				CLANG_WARN_INT_CONVERSION = YES;
				CLANG_WARN_NON_LITERAL_NULL_CONVERSION = YES;
				CLANG_WARN_OBJC_IMPLICIT_RETAIN_SELF = YES;
				CLANG_WARN_OBJC_LITERAL_CONVERSION = YES;
				CLANG_WARN_OBJC_ROOT_CLASS = YES_ERROR;
				CLANG_WARN_QUOTED_INCLUDE_IN_FRAMEWORK_HEADER = YES;
				CLANG_WARN_RANGE_LOOP_ANALYSIS = YES;
				CLANG_WARN_STRICT_PROTOTYPES = YES;
				CLANG_WARN_SUSPICIOUS_MOVE = YES;
				CLANG_WARN_UNGUARDED_AVAILABILITY = YES_AGGRESSIVE;
				CLANG_WARN_UNREACHABLE_CODE = YES;
				CLANG_WARN__DUPLICATE_METHOD_MATCH = YES;
				COPY_PHASE_STRIP = NO;
				DEBUG_INFORMATION_FORMAT = "dwarf-with-dsym";
				ENABLE_NS_ASSERTIONS = NO;
				ENABLE_STRICT_OBJC_MSGSEND = YES;
				GCC_C_LANGUAGE_STANDARD = gnu11;
				GCC_NO_COMMON_BLOCKS = YES;
				GCC_WARN_64_TO_32_BIT_CONVERSION = YES;
				GCC_WARN_ABOUT_RETURN_TYPE = YES_ERROR;
				GCC_WARN_UNDECLARED_SELECTOR = YES;
				GCC_WARN_UNINITIALIZED_AUTOS = YES_AGGRESSIVE;
				GCC_WARN_UNUSED_FUNCTION = YES;
				GCC_WARN_UNUSED_VARIABLE = YES;
				IPHONEOS_DEPLOYMENT_TARGET = 16.4;
				MTL_ENABLE_DEBUG_INFO = NO;
				MTL_FAST_MATH = YES;
				SDKROOT = iphoneos;
				SWIFT_COMPILATION_MODE = wholemodule;
				SWIFT_OPTIMIZATION_LEVEL = "-O";
				VALIDATE_PRODUCT = YES;
			};
			name = Release;
		};
		E10D9B312A38D607003D526C /* Debug */ = {
			isa = XCBuildConfiguration;
			baseConfigurationReference = 0E25FB6FCF0B236D7ED0649E /* Pods-Joke Generator Extension MessagesExtension.debug.xcconfig */;
			buildSettings = {
				ASSETCATALOG_COMPILER_APPICON_NAME = "iMessage App Icon";
				CODE_SIGN_STYLE = Automatic;
				CURRENT_PROJECT_VERSION = 1;
				DEVELOPMENT_TEAM = KXK74SLVZH;
				GENERATE_INFOPLIST_FILE = YES;
				INFOPLIST_FILE = "Joke Generator Extension MessagesExtension/Info.plist";
				INFOPLIST_KEY_CFBundleDisplayName = "Joke Generator Extension";
				INFOPLIST_KEY_NSHumanReadableCopyright = "";
				LD_RUNPATH_SEARCH_PATHS = (
					"$(inherited)",
					"@executable_path/Frameworks",
					"@executable_path/../../Frameworks",
				);
				MARKETING_VERSION = 1.0;
				PRODUCT_BUNDLE_IDENTIFIER = "com.jokegenerator.ext.Joke-Generator-Extension.MessagesExtension";
				PRODUCT_NAME = "$(TARGET_NAME)";
				SKIP_INSTALL = YES;
				SWIFT_EMIT_LOC_STRINGS = YES;
				SWIFT_VERSION = 5.0;
				TARGETED_DEVICE_FAMILY = "1,2";
			};
			name = Debug;
		};
		E10D9B322A38D607003D526C /* Release */ = {
			isa = XCBuildConfiguration;
			baseConfigurationReference = 2CCF3DC037AFE981E771A707 /* Pods-Joke Generator Extension MessagesExtension.release.xcconfig */;
			buildSettings = {
				ASSETCATALOG_COMPILER_APPICON_NAME = "iMessage App Icon";
				CODE_SIGN_STYLE = Automatic;
				CURRENT_PROJECT_VERSION = 1;
				DEVELOPMENT_TEAM = KXK74SLVZH;
				GENERATE_INFOPLIST_FILE = YES;
				INFOPLIST_FILE = "Joke Generator Extension MessagesExtension/Info.plist";
				INFOPLIST_KEY_CFBundleDisplayName = "Joke Generator Extension";
				INFOPLIST_KEY_NSHumanReadableCopyright = "";
				LD_RUNPATH_SEARCH_PATHS = (
					"$(inherited)",
					"@executable_path/Frameworks",
					"@executable_path/../../Frameworks",
				);
				MARKETING_VERSION = 1.0;
				PRODUCT_BUNDLE_IDENTIFIER = "com.jokegenerator.ext.Joke-Generator-Extension.MessagesExtension";
				PRODUCT_NAME = "$(TARGET_NAME)";
				SKIP_INSTALL = YES;
				SWIFT_EMIT_LOC_STRINGS = YES;
				SWIFT_VERSION = 5.0;
				TARGETED_DEVICE_FAMILY = "1,2";
			};
			name = Release;
		};
		E10D9B352A38D607003D526C /* Debug */ = {
			isa = XCBuildConfiguration;
			baseConfigurationReference = 16C82FDBDD2A6C96C8A16EA9 /* Pods-Joke Generator Extension.debug.xcconfig */;
			buildSettings = {
				ASSETCATALOG_COMPILER_APPICON_NAME = AppIcon;
				CODE_SIGN_STYLE = Automatic;
				CURRENT_PROJECT_VERSION = 1;
				DEVELOPMENT_TEAM = KXK74SLVZH;
				GENERATE_INFOPLIST_FILE = YES;
				INFOPLIST_KEY_UILaunchStoryboardName = LaunchScreen;
				INFOPLIST_KEY_UISupportedInterfaceOrientations_iPad = "UIInterfaceOrientationPortrait UIInterfaceOrientationPortraitUpsideDown UIInterfaceOrientationLandscapeLeft UIInterfaceOrientationLandscapeRight";
				INFOPLIST_KEY_UISupportedInterfaceOrientations_iPhone = "UIInterfaceOrientationPortrait UIInterfaceOrientationLandscapeLeft UIInterfaceOrientationLandscapeRight";
				IPHONEOS_DEPLOYMENT_TARGET = 11.0;
				MARKETING_VERSION = 1.0;
				PRODUCT_BUNDLE_IDENTIFIER = "com.jokegenerator.ext.Joke-Generator-Extension";
				PRODUCT_NAME = "$(TARGET_NAME)";
				SWIFT_EMIT_LOC_STRINGS = YES;
				SWIFT_VERSION = 5.0;
				TARGETED_DEVICE_FAMILY = "1,2";
			};
			name = Debug;
		};
		E10D9B362A38D607003D526C /* Release */ = {
			isa = XCBuildConfiguration;
			baseConfigurationReference = F659A6D5A2C0F1FA562C6AD2 /* Pods-Joke Generator Extension.release.xcconfig */;
			buildSettings = {
				ASSETCATALOG_COMPILER_APPICON_NAME = AppIcon;
				CODE_SIGN_STYLE = Automatic;
				CURRENT_PROJECT_VERSION = 1;
				DEVELOPMENT_TEAM = KXK74SLVZH;
				GENERATE_INFOPLIST_FILE = YES;
				INFOPLIST_KEY_UILaunchStoryboardName = LaunchScreen;
				INFOPLIST_KEY_UISupportedInterfaceOrientations_iPad = "UIInterfaceOrientationPortrait UIInterfaceOrientationPortraitUpsideDown UIInterfaceOrientationLandscapeLeft UIInterfaceOrientationLandscapeRight";
				INFOPLIST_KEY_UISupportedInterfaceOrientations_iPhone = "UIInterfaceOrientationPortrait UIInterfaceOrientationLandscapeLeft UIInterfaceOrientationLandscapeRight";
				IPHONEOS_DEPLOYMENT_TARGET = 11.0;
				MARKETING_VERSION = 1.0;
				PRODUCT_BUNDLE_IDENTIFIER = "com.jokegenerator.ext.Joke-Generator-Extension";
				PRODUCT_NAME = "$(TARGET_NAME)";
				SWIFT_EMIT_LOC_STRINGS = YES;
				SWIFT_VERSION = 5.0;
				TARGETED_DEVICE_FAMILY = "1,2";
			};
			name = Release;
		};
/* End XCBuildConfiguration section */

/* Begin XCConfigurationList section */
		E10D9B122A38D604003D526C /* Build configuration list for PBXProject "Joke Generator Extension" */ = {
			isa = XCConfigurationList;
			buildConfigurations = (
				E10D9B2E2A38D607003D526C /* Debug */,
				E10D9B2F2A38D607003D526C /* Release */,
			);
			defaultConfigurationIsVisible = 0;
			defaultConfigurationName = Release;
		};
		E10D9B302A38D607003D526C /* Build configuration list for PBXNativeTarget "Joke Generator Extension MessagesExtension" */ = {
			isa = XCConfigurationList;
			buildConfigurations = (
				E10D9B312A38D607003D526C /* Debug */,
				E10D9B322A38D607003D526C /* Release */,
			);
			defaultConfigurationIsVisible = 0;
			defaultConfigurationName = Release;
		};
		E10D9B342A38D607003D526C /* Build configuration list for PBXNativeTarget "Joke Generator Extension" */ = {
			isa = XCConfigurationList;
			buildConfigurations = (
				E10D9B352A38D607003D526C /* Debug */,
				E10D9B362A38D607003D526C /* Release */,
			);
			defaultConfigurationIsVisible = 0;
			defaultConfigurationName = Release;
		};
/* End XCConfigurationList section */
	};
	rootObject = E10D9B0F2A38D604003D526C /* Project object */;
}
